// !$*UTF8*$!
{
	archiveVersion = 1;
	classes = {
	};
	objectVersion = 46;
	objects = {

/* Begin PBXBuildFile section */
		3A34027418F5A76000E009A7 /* TableDataSourceController.m in Sources */ = {isa = PBXBuildFile; fileRef = 3A34027318F5A76000E009A7 /* TableDataSourceController.m */; };
		3A34027618F5B0AB00E009A7 /* people.plist in Resources */ = {isa = PBXBuildFile; fileRef = 3A34027518F5B0AB00E009A7 /* people.plist */; };
		3A9DCE9B18F310880077ECBE /* Foundation.framework in Frameworks */ = {isa = PBXBuildFile; fileRef = 3A9DCE9A18F310880077ECBE /* Foundation.framework */; };
		3A9DCE9D18F310880077ECBE /* CoreGraphics.framework in Frameworks */ = {isa = PBXBuildFile; fileRef = 3A9DCE9C18F310880077ECBE /* CoreGraphics.framework */; };
		3A9DCE9F18F310880077ECBE /* UIKit.framework in Frameworks */ = {isa = PBXBuildFile; fileRef = 3A9DCE9E18F310880077ECBE /* UIKit.framework */; };
		3A9DCEA518F310880077ECBE /* InfoPlist.strings in Resources */ = {isa = PBXBuildFile; fileRef = 3A9DCEA318F310880077ECBE /* InfoPlist.strings */; };
		3A9DCEA718F310880077ECBE /* main.m in Sources */ = {isa = PBXBuildFile; fileRef = 3A9DCEA618F310880077ECBE /* main.m */; };
		3A9DCEAB18F310880077ECBE /* ARAppDelegate.m in Sources */ = {isa = PBXBuildFile; fileRef = 3A9DCEAA18F310880077ECBE /* ARAppDelegate.m */; };
		3A9DCEAE18F310880077ECBE /* Main.storyboard in Resources */ = {isa = PBXBuildFile; fileRef = 3A9DCEAC18F310880077ECBE /* Main.storyboard */; };
		3A9DCEB318F310880077ECBE /* Images.xcassets in Resources */ = {isa = PBXBuildFile; fileRef = 3A9DCEB218F310880077ECBE /* Images.xcassets */; };
		3A9DCEBA18F310880077ECBE /* XCTest.framework in Frameworks */ = {isa = PBXBuildFile; fileRef = 3A9DCEB918F310880077ECBE /* XCTest.framework */; };
		3A9DCEBB18F310880077ECBE /* Foundation.framework in Frameworks */ = {isa = PBXBuildFile; fileRef = 3A9DCE9A18F310880077ECBE /* Foundation.framework */; };
		3A9DCEBC18F310880077ECBE /* UIKit.framework in Frameworks */ = {isa = PBXBuildFile; fileRef = 3A9DCE9E18F310880077ECBE /* UIKit.framework */; };
		3A9DCEC418F310880077ECBE /* InfoPlist.strings in Resources */ = {isa = PBXBuildFile; fileRef = 3A9DCEC218F310880077ECBE /* InfoPlist.strings */; };
		3A9DCEC618F310880077ECBE /* ClassRosterTests.m in Sources */ = {isa = PBXBuildFile; fileRef = 3A9DCEC518F310880077ECBE /* ClassRosterTests.m */; };
		3A9DCED118F312410077ECBE /* ARTableViewController.m in Sources */ = {isa = PBXBuildFile; fileRef = 3A9DCED018F312410077ECBE /* ARTableViewController.m */; };
		3A9DCED718F31D640077ECBE /* ARClassmate.m in Sources */ = {isa = PBXBuildFile; fileRef = 3A9DCED618F31D640077ECBE /* ARClassmate.m */; };
		3A9DCEDD18F328980077ECBE /* ARClassmateTableViewCell.m in Sources */ = {isa = PBXBuildFile; fileRef = 3A9DCEDC18F328980077ECBE /* ARClassmateTableViewCell.m */; };
		3A9DCF4418F46B6A0077ECBE /* ARDetailViewController.m in Sources */ = {isa = PBXBuildFile; fileRef = 3A9DCF4318F46B6A0077ECBE /* ARDetailViewController.m */; };
		3A9DCF4618F470B70077ECBE /* AssetsLibrary.framework in Frameworks */ = {isa = PBXBuildFile; fileRef = 3A9DCF4518F470B70077ECBE /* AssetsLibrary.framework */; };
		3AC387E718F7A26800733816 /* TPKeyboardAvoidingScrollView.m in Sources */ = {isa = PBXBuildFile; fileRef = 3AC387E518F7A26800733816 /* TPKeyboardAvoidingScrollView.m */; };
		3AF2553C18F84EB80002D49D /* Social.framework in Frameworks */ = {isa = PBXBuildFile; fileRef = 3AF2553B18F84EB80002D49D /* Social.framework */; };
		3AF2553E18F85BA30002D49D /* default.png in Resources */ = {isa = PBXBuildFile; fileRef = 3AF2553D18F85BA30002D49D /* default.png */; };
/* End PBXBuildFile section */

/* Begin PBXContainerItemProxy section */
		3A9DCEBD18F310880077ECBE /* PBXContainerItemProxy */ = {
			isa = PBXContainerItemProxy;
			containerPortal = 3A9DCE8F18F310880077ECBE /* Project object */;
			proxyType = 1;
			remoteGlobalIDString = 3A9DCE9618F310880077ECBE;
			remoteInfo = ClassRoster;
		};
/* End PBXContainerItemProxy section */

/* Begin PBXFileReference section */
		3A34027218F5A76000E009A7 /* TableDataSourceController.h */ = {isa = PBXFileReference; fileEncoding = 4; lastKnownFileType = sourcecode.c.h; path = TableDataSourceController.h; sourceTree = "<group>"; };
		3A34027318F5A76000E009A7 /* TableDataSourceController.m */ = {isa = PBXFileReference; fileEncoding = 4; lastKnownFileType = sourcecode.c.objc; path = TableDataSourceController.m; sourceTree = "<group>"; };
		3A34027518F5B0AB00E009A7 /* people.plist */ = {isa = PBXFileReference; fileEncoding = 4; lastKnownFileType = text.plist.xml; path = people.plist; sourceTree = "<group>"; };
		3A9DCE9718F310880077ECBE /* ClassRoster.app */ = {isa = PBXFileReference; explicitFileType = wrapper.application; includeInIndex = 0; path = ClassRoster.app; sourceTree = BUILT_PRODUCTS_DIR; };
		3A9DCE9A18F310880077ECBE /* Foundation.framework */ = {isa = PBXFileReference; lastKnownFileType = wrapper.framework; name = Foundation.framework; path = System/Library/Frameworks/Foundation.framework; sourceTree = SDKROOT; };
		3A9DCE9C18F310880077ECBE /* CoreGraphics.framework */ = {isa = PBXFileReference; lastKnownFileType = wrapper.framework; name = CoreGraphics.framework; path = System/Library/Frameworks/CoreGraphics.framework; sourceTree = SDKROOT; };
		3A9DCE9E18F310880077ECBE /* UIKit.framework */ = {isa = PBXFileReference; lastKnownFileType = wrapper.framework; name = UIKit.framework; path = System/Library/Frameworks/UIKit.framework; sourceTree = SDKROOT; };
		3A9DCEA218F310880077ECBE /* ClassRoster-Info.plist */ = {isa = PBXFileReference; lastKnownFileType = text.plist.xml; path = "ClassRoster-Info.plist"; sourceTree = "<group>"; };
		3A9DCEA418F310880077ECBE /* en */ = {isa = PBXFileReference; lastKnownFileType = text.plist.strings; name = en; path = en.lproj/InfoPlist.strings; sourceTree = "<group>"; };
		3A9DCEA618F310880077ECBE /* main.m */ = {isa = PBXFileReference; lastKnownFileType = sourcecode.c.objc; path = main.m; sourceTree = "<group>"; };
		3A9DCEA818F310880077ECBE /* ClassRoster-Prefix.pch */ = {isa = PBXFileReference; lastKnownFileType = sourcecode.c.h; path = "ClassRoster-Prefix.pch"; sourceTree = "<group>"; };
		3A9DCEA918F310880077ECBE /* ARAppDelegate.h */ = {isa = PBXFileReference; lastKnownFileType = sourcecode.c.h; path = ARAppDelegate.h; sourceTree = "<group>"; };
		3A9DCEAA18F310880077ECBE /* ARAppDelegate.m */ = {isa = PBXFileReference; lastKnownFileType = sourcecode.c.objc; path = ARAppDelegate.m; sourceTree = "<group>"; };
		3A9DCEAD18F310880077ECBE /* Base */ = {isa = PBXFileReference; lastKnownFileType = file.storyboard; name = Base; path = Base.lproj/Main.storyboard; sourceTree = "<group>"; };
		3A9DCEB218F310880077ECBE /* Images.xcassets */ = {isa = PBXFileReference; lastKnownFileType = folder.assetcatalog; path = Images.xcassets; sourceTree = "<group>"; };
		3A9DCEB818F310880077ECBE /* ClassRosterTests.xctest */ = {isa = PBXFileReference; explicitFileType = wrapper.cfbundle; includeInIndex = 0; path = ClassRosterTests.xctest; sourceTree = BUILT_PRODUCTS_DIR; };
		3A9DCEB918F310880077ECBE /* XCTest.framework */ = {isa = PBXFileReference; lastKnownFileType = wrapper.framework; name = XCTest.framework; path = Library/Frameworks/XCTest.framework; sourceTree = DEVELOPER_DIR; };
		3A9DCEC118F310880077ECBE /* ClassRosterTests-Info.plist */ = {isa = PBXFileReference; lastKnownFileType = text.plist.xml; path = "ClassRosterTests-Info.plist"; sourceTree = "<group>"; };
		3A9DCEC318F310880077ECBE /* en */ = {isa = PBXFileReference; lastKnownFileType = text.plist.strings; name = en; path = en.lproj/InfoPlist.strings; sourceTree = "<group>"; };
		3A9DCEC518F310880077ECBE /* ClassRosterTests.m */ = {isa = PBXFileReference; lastKnownFileType = sourcecode.c.objc; path = ClassRosterTests.m; sourceTree = "<group>"; };
		3A9DCECF18F312410077ECBE /* ARTableViewController.h */ = {isa = PBXFileReference; fileEncoding = 4; lastKnownFileType = sourcecode.c.h; path = ARTableViewController.h; sourceTree = "<group>"; };
		3A9DCED018F312410077ECBE /* ARTableViewController.m */ = {isa = PBXFileReference; fileEncoding = 4; lastKnownFileType = sourcecode.c.objc; path = ARTableViewController.m; sourceTree = "<group>"; };
		3A9DCED518F31D640077ECBE /* ARClassmate.h */ = {isa = PBXFileReference; fileEncoding = 4; lastKnownFileType = sourcecode.c.h; path = ARClassmate.h; sourceTree = "<group>"; };
		3A9DCED618F31D640077ECBE /* ARClassmate.m */ = {isa = PBXFileReference; fileEncoding = 4; lastKnownFileType = sourcecode.c.objc; path = ARClassmate.m; sourceTree = "<group>"; };
		3A9DCEDB18F328980077ECBE /* ARClassmateTableViewCell.h */ = {isa = PBXFileReference; fileEncoding = 4; lastKnownFileType = sourcecode.c.h; path = ARClassmateTableViewCell.h; sourceTree = "<group>"; };
		3A9DCEDC18F328980077ECBE /* ARClassmateTableViewCell.m */ = {isa = PBXFileReference; fileEncoding = 4; lastKnownFileType = sourcecode.c.objc; path = ARClassmateTableViewCell.m; sourceTree = "<group>"; };
		3A9DCF4218F46B6A0077ECBE /* ARDetailViewController.h */ = {isa = PBXFileReference; fileEncoding = 4; lastKnownFileType = sourcecode.c.h; path = ARDetailViewController.h; sourceTree = "<group>"; };
		3A9DCF4318F46B6A0077ECBE /* ARDetailViewController.m */ = {isa = PBXFileReference; fileEncoding = 4; lastKnownFileType = sourcecode.c.objc; path = ARDetailViewController.m; sourceTree = "<group>"; };
		3A9DCF4518F470B70077ECBE /* AssetsLibrary.framework */ = {isa = PBXFileReference; lastKnownFileType = wrapper.framework; name = AssetsLibrary.framework; path = System/Library/Frameworks/AssetsLibrary.framework; sourceTree = SDKROOT; };
		3AC387E518F7A26800733816 /* TPKeyboardAvoidingScrollView.m */ = {isa = PBXFileReference; fileEncoding = 4; lastKnownFileType = sourcecode.c.objc; path = TPKeyboardAvoidingScrollView.m; sourceTree = "<group>"; };
		3AC387E618F7A26800733816 /* TPKeyboardAvoidingScrollView.h */ = {isa = PBXFileReference; fileEncoding = 4; lastKnownFileType = sourcecode.c.h; path = TPKeyboardAvoidingScrollView.h; sourceTree = "<group>"; };
		3AF2553B18F84EB80002D49D /* Social.framework */ = {isa = PBXFileReference; lastKnownFileType = wrapper.framework; name = Social.framework; path = System/Library/Frameworks/Social.framework; sourceTree = SDKROOT; };
		3AF2553D18F85BA30002D49D /* default.png */ = {isa = PBXFileReference; lastKnownFileType = image.png; path = default.png; sourceTree = "<group>"; };
/* End PBXFileReference section */

/* Begin PBXFrameworksBuildPhase section */
		3A9DCE9418F310880077ECBE /* Frameworks */ = {
			isa = PBXFrameworksBuildPhase;
			buildActionMask = 2147483647;
			files = (
				3AF2553C18F84EB80002D49D /* Social.framework in Frameworks */,
				3A9DCF4618F470B70077ECBE /* AssetsLibrary.framework in Frameworks */,
				3A9DCE9D18F310880077ECBE /* CoreGraphics.framework in Frameworks */,
				3A9DCE9F18F310880077ECBE /* UIKit.framework in Frameworks */,
				3A9DCE9B18F310880077ECBE /* Foundation.framework in Frameworks */,
			);
			runOnlyForDeploymentPostprocessing = 0;
		};
		3A9DCEB518F310880077ECBE /* Frameworks */ = {
			isa = PBXFrameworksBuildPhase;
			buildActionMask = 2147483647;
			files = (
				3A9DCEBA18F310880077ECBE /* XCTest.framework in Frameworks */,
				3A9DCEBC18F310880077ECBE /* UIKit.framework in Frameworks */,
				3A9DCEBB18F310880077ECBE /* Foundation.framework in Frameworks */,
			);
			runOnlyForDeploymentPostprocessing = 0;
		};
/* End PBXFrameworksBuildPhase section */

/* Begin PBXGroup section */
		3A9DCE8E18F310880077ECBE = {
			isa = PBXGroup;
			children = (
				3A9DCEA018F310880077ECBE /* ClassRoster */,
				3A9DCEBF18F310880077ECBE /* ClassRosterTests */,
				3A9DCE9918F310880077ECBE /* Frameworks */,
				3A9DCE9818F310880077ECBE /* Products */,
			);
			sourceTree = "<group>";
		};
		3A9DCE9818F310880077ECBE /* Products */ = {
			isa = PBXGroup;
			children = (
				3A9DCE9718F310880077ECBE /* ClassRoster.app */,
				3A9DCEB818F310880077ECBE /* ClassRosterTests.xctest */,
			);
			name = Products;
			sourceTree = "<group>";
		};
		3A9DCE9918F310880077ECBE /* Frameworks */ = {
			isa = PBXGroup;
			children = (
				3AF2553B18F84EB80002D49D /* Social.framework */,
				3A9DCF4518F470B70077ECBE /* AssetsLibrary.framework */,
				3A9DCE9A18F310880077ECBE /* Foundation.framework */,
				3A9DCE9C18F310880077ECBE /* CoreGraphics.framework */,
				3A9DCE9E18F310880077ECBE /* UIKit.framework */,
				3A9DCEB918F310880077ECBE /* XCTest.framework */,
			);
			name = Frameworks;
			sourceTree = "<group>";
		};
		3A9DCEA018F310880077ECBE /* ClassRoster */ = {
			isa = PBXGroup;
			children = (
				3AC387E518F7A26800733816 /* TPKeyboardAvoidingScrollView.m */,
				3AC387E618F7A26800733816 /* TPKeyboardAvoidingScrollView.h */,
				3A9DCEA918F310880077ECBE /* ARAppDelegate.h */,
				3A9DCEAA18F310880077ECBE /* ARAppDelegate.m */,
				3A9DCF3F18F456490077ECBE /* Model */,
				3A9DCF4018F456520077ECBE /* View */,
				3A9DCF4118F456590077ECBE /* Controller */,
				3A9DCEB218F310880077ECBE /* Images.xcassets */,
				3A9DCEA118F310880077ECBE /* Supporting Files */,
			);
			path = ClassRoster;
			sourceTree = "<group>";
		};
		3A9DCEA118F310880077ECBE /* Supporting Files */ = {
			isa = PBXGroup;
			children = (
				3AF2553D18F85BA30002D49D /* default.png */,
				3A9DCEA218F310880077ECBE /* ClassRoster-Info.plist */,
				3A9DCEA318F310880077ECBE /* InfoPlist.strings */,
				3A9DCEA618F310880077ECBE /* main.m */,
				3A9DCEA818F310880077ECBE /* ClassRoster-Prefix.pch */,
			);
			name = "Supporting Files";
			sourceTree = "<group>";
		};
		3A9DCEBF18F310880077ECBE /* ClassRosterTests */ = {
			isa = PBXGroup;
			children = (
				3A9DCEC518F310880077ECBE /* ClassRosterTests.m */,
				3A9DCEC018F310880077ECBE /* Supporting Files */,
			);
			path = ClassRosterTests;
			sourceTree = "<group>";
		};
		3A9DCEC018F310880077ECBE /* Supporting Files */ = {
			isa = PBXGroup;
			children = (
				3A9DCEC118F310880077ECBE /* ClassRosterTests-Info.plist */,
				3A9DCEC218F310880077ECBE /* InfoPlist.strings */,
			);
			name = "Supporting Files";
			sourceTree = "<group>";
		};
		3A9DCF3F18F456490077ECBE /* Model */ = {
			isa = PBXGroup;
			children = (
				3A9DCED518F31D640077ECBE /* ARClassmate.h */,
				3A9DCED618F31D640077ECBE /* ARClassmate.m */,
				3A34027218F5A76000E009A7 /* TableDataSourceController.h */,
				3A34027318F5A76000E009A7 /* TableDataSourceController.m */,
				3A34027518F5B0AB00E009A7 /* people.plist */,
			);
			name = Model;
			sourceTree = "<group>";
		};
		3A9DCF4018F456520077ECBE /* View */ = {
			isa = PBXGroup;
			children = (
				3A9DCEAC18F310880077ECBE /* Main.storyboard */,
				3A9DCEDB18F328980077ECBE /* ARClassmateTableViewCell.h */,
				3A9DCEDC18F328980077ECBE /* ARClassmateTableViewCell.m */,
			);
			name = View;
			sourceTree = "<group>";
		};
		3A9DCF4118F456590077ECBE /* Controller */ = {
			isa = PBXGroup;
			children = (
				3A9DCECF18F312410077ECBE /* ARTableViewController.h */,
				3A9DCED018F312410077ECBE /* ARTableViewController.m */,
				3A9DCF4218F46B6A0077ECBE /* ARDetailViewController.h */,
				3A9DCF4318F46B6A0077ECBE /* ARDetailViewController.m */,
			);
			name = Controller;
			sourceTree = "<group>";
		};
/* End PBXGroup section */

/* Begin PBXNativeTarget section */
		3A9DCE9618F310880077ECBE /* ClassRoster */ = {
			isa = PBXNativeTarget;
			buildConfigurationList = 3A9DCEC918F310880077ECBE /* Build configuration list for PBXNativeTarget "ClassRoster" */;
			buildPhases = (
				3A9DCE9318F310880077ECBE /* Sources */,
				3A9DCE9418F310880077ECBE /* Frameworks */,
				3A9DCE9518F310880077ECBE /* Resources */,
			);
			buildRules = (
			);
			dependencies = (
			);
			name = ClassRoster;
			productName = ClassRoster;
			productReference = 3A9DCE9718F310880077ECBE /* ClassRoster.app */;
			productType = "com.apple.product-type.application";
		};
		3A9DCEB718F310880077ECBE /* ClassRosterTests */ = {
			isa = PBXNativeTarget;
			buildConfigurationList = 3A9DCECC18F310880077ECBE /* Build configuration list for PBXNativeTarget "ClassRosterTests" */;
			buildPhases = (
				3A9DCEB418F310880077ECBE /* Sources */,
				3A9DCEB518F310880077ECBE /* Frameworks */,
				3A9DCEB618F310880077ECBE /* Resources */,
			);
			buildRules = (
			);
			dependencies = (
				3A9DCEBE18F310880077ECBE /* PBXTargetDependency */,
			);
			name = ClassRosterTests;
			productName = ClassRosterTests;
			productReference = 3A9DCEB818F310880077ECBE /* ClassRosterTests.xctest */;
			productType = "com.apple.product-type.bundle.unit-test";
		};
/* End PBXNativeTarget section */

/* Begin PBXProject section */
		3A9DCE8F18F310880077ECBE /* Project object */ = {
			isa = PBXProject;
			attributes = {
				CLASSPREFIX = AR;
				LastUpgradeCheck = 0510;
				ORGANIZATIONNAME = "Anton Hilario Rivera";
				TargetAttributes = {
					3A9DCEB718F310880077ECBE = {
						TestTargetID = 3A9DCE9618F310880077ECBE;
					};
				};
			};
			buildConfigurationList = 3A9DCE9218F310880077ECBE /* Build configuration list for PBXProject "ClassRoster" */;
			compatibilityVersion = "Xcode 3.2";
			developmentRegion = English;
			hasScannedForEncodings = 0;
			knownRegions = (
				en,
				Base,
			);
			mainGroup = 3A9DCE8E18F310880077ECBE;
			productRefGroup = 3A9DCE9818F310880077ECBE /* Products */;
			projectDirPath = "";
			projectRoot = "";
			targets = (
				3A9DCE9618F310880077ECBE /* ClassRoster */,
				3A9DCEB718F310880077ECBE /* ClassRosterTests */,
			);
		};
/* End PBXProject section */

/* Begin PBXResourcesBuildPhase section */
		3A9DCE9518F310880077ECBE /* Resources */ = {
			isa = PBXResourcesBuildPhase;
			buildActionMask = 2147483647;
			files = (
				3A34027618F5B0AB00E009A7 /* people.plist in Resources */,
				3A9DCEB318F310880077ECBE /* Images.xcassets in Resources */,
				3A9DCEA518F310880077ECBE /* InfoPlist.strings in Resources */,
				3A9DCEAE18F310880077ECBE /* Main.storyboard in Resources */,
				3AF2553E18F85BA30002D49D /* default.png in Resources */,
			);
			runOnlyForDeploymentPostprocessing = 0;
		};
		3A9DCEB618F310880077ECBE /* Resources */ = {
			isa = PBXResourcesBuildPhase;
			buildActionMask = 2147483647;
			files = (
				3A9DCEC418F310880077ECBE /* InfoPlist.strings in Resources */,
			);
			runOnlyForDeploymentPostprocessing = 0;
		};
/* End PBXResourcesBuildPhase section */

/* Begin PBXSourcesBuildPhase section */
		3A9DCE9318F310880077ECBE /* Sources */ = {
			isa = PBXSourcesBuildPhase;
			buildActionMask = 2147483647;
			files = (
				3A9DCEA718F310880077ECBE /* main.m in Sources */,
				3AC387E718F7A26800733816 /* TPKeyboardAvoidingScrollView.m in Sources */,
				3A9DCED118F312410077ECBE /* ARTableViewController.m in Sources */,
				3A9DCEAB18F310880077ECBE /* ARAppDelegate.m in Sources */,
				3A34027418F5A76000E009A7 /* TableDataSourceController.m in Sources */,
				3A9DCEDD18F328980077ECBE /* ARClassmateTableViewCell.m in Sources */,
				3A9DCF4418F46B6A0077ECBE /* ARDetailViewController.m in Sources */,
				3A9DCED718F31D640077ECBE /* ARClassmate.m in Sources */,
			);
			runOnlyForDeploymentPostprocessing = 0;
		};
		3A9DCEB418F310880077ECBE /* Sources */ = {
			isa = PBXSourcesBuildPhase;
			buildActionMask = 2147483647;
			files = (
				3A9DCEC618F310880077ECBE /* ClassRosterTests.m in Sources */,
			);
			runOnlyForDeploymentPostprocessing = 0;
		};
/* End PBXSourcesBuildPhase section */

/* Begin PBXTargetDependency section */
		3A9DCEBE18F310880077ECBE /* PBXTargetDependency */ = {
			isa = PBXTargetDependency;
			target = 3A9DCE9618F310880077ECBE /* ClassRoster */;
			targetProxy = 3A9DCEBD18F310880077ECBE /* PBXContainerItemProxy */;
		};
/* End PBXTargetDependency section */

/* Begin PBXVariantGroup section */
		3A9DCEA318F310880077ECBE /* InfoPlist.strings */ = {
			isa = PBXVariantGroup;
			children = (
				3A9DCEA418F310880077ECBE /* en */,
			);
			name = InfoPlist.strings;
			sourceTree = "<group>";
		};
		3A9DCEAC18F310880077ECBE /* Main.storyboard */ = {
			isa = PBXVariantGroup;
			children = (
				3A9DCEAD18F310880077ECBE /* Base */,
			);
			name = Main.storyboard;
			sourceTree = "<group>";
		};
		3A9DCEC218F310880077ECBE /* InfoPlist.strings */ = {
			isa = PBXVariantGroup;
			children = (
				3A9DCEC318F310880077ECBE /* en */,
			);
			name = InfoPlist.strings;
			sourceTree = "<group>";
		};
/* End PBXVariantGroup section */

/* Begin XCBuildConfiguration section */
		3A9DCEC718F310880077ECBE /* Debug */ = {
			isa = XCBuildConfiguration;
			buildSettings = {
				ALWAYS_SEARCH_USER_PATHS = NO;
				CLANG_CXX_LANGUAGE_STANDARD = "gnu++0x";
				CLANG_CXX_LIBRARY = "libc++";
				CLANG_ENABLE_MODULES = YES;
				CLANG_ENABLE_OBJC_ARC = YES;
				CLANG_WARN_BOOL_CONVERSION = YES;
				CLANG_WARN_CONSTANT_CONVERSION = YES;
				CLANG_WARN_DIRECT_OBJC_ISA_USAGE = YES_ERROR;
				CLANG_WARN_EMPTY_BODY = YES;
				CLANG_WARN_ENUM_CONVERSION = YES;
				CLANG_WARN_INT_CONVERSION = YES;
				CLANG_WARN_OBJC_ROOT_CLASS = YES_ERROR;
				CLANG_WARN__DUPLICATE_METHOD_MATCH = YES;
				"CODE_SIGN_IDENTITY[sdk=iphoneos*]" = "iPhone Developer";
				COPY_PHASE_STRIP = NO;
				GCC_C_LANGUAGE_STANDARD = gnu99;
				GCC_DYNAMIC_NO_PIC = NO;
				GCC_OPTIMIZATION_LEVEL = 0;
				GCC_PREPROCESSOR_DEFINITIONS = (
					"DEBUG=1",
					"$(inherited)",
				);
				GCC_SYMBOLS_PRIVATE_EXTERN = NO;
				GCC_WARN_64_TO_32_BIT_CONVERSION = YES;
				GCC_WARN_ABOUT_RETURN_TYPE = YES_ERROR;
				GCC_WARN_UNDECLARED_SELECTOR = YES;
				GCC_WARN_UNINITIALIZED_AUTOS = YES_AGGRESSIVE;
				GCC_WARN_UNUSED_FUNCTION = YES;
				GCC_WARN_UNUSED_VARIABLE = YES;
				IPHONEOS_DEPLOYMENT_TARGET = 7.1;
				ONLY_ACTIVE_ARCH = YES;
				SDKROOT = iphoneos;
			};
			name = Debug;
		};
		3A9DCEC818F310880077ECBE /* Release */ = {
			isa = XCBuildConfiguration;
			buildSettings = {
				ALWAYS_SEARCH_USER_PATHS = NO;
				CLANG_CXX_LANGUAGE_STANDARD = "gnu++0x";
				CLANG_CXX_LIBRARY = "libc++";
				CLANG_ENABLE_MODULES = YES;
				CLANG_ENABLE_OBJC_ARC = YES;
				CLANG_WARN_BOOL_CONVERSION = YES;
				CLANG_WARN_CONSTANT_CONVERSION = YES;
				CLANG_WARN_DIRECT_OBJC_ISA_USAGE = YES_ERROR;
				CLANG_WARN_EMPTY_BODY = YES;
				CLANG_WARN_ENUM_CONVERSION = YES;
				CLANG_WARN_INT_CONVERSION = YES;
				CLANG_WARN_OBJC_ROOT_CLASS = YES_ERROR;
				CLANG_WARN__DUPLICATE_METHOD_MATCH = YES;
				"CODE_SIGN_IDENTITY[sdk=iphoneos*]" = "iPhone Developer";
				COPY_PHASE_STRIP = YES;
				ENABLE_NS_ASSERTIONS = NO;
				GCC_C_LANGUAGE_STANDARD = gnu99;
				GCC_WARN_64_TO_32_BIT_CONVERSION = YES;
				GCC_WARN_ABOUT_RETURN_TYPE = YES_ERROR;
				GCC_WARN_UNDECLARED_SELECTOR = YES;
				GCC_WARN_UNINITIALIZED_AUTOS = YES_AGGRESSIVE;
				GCC_WARN_UNUSED_FUNCTION = YES;
				GCC_WARN_UNUSED_VARIABLE = YES;
				IPHONEOS_DEPLOYMENT_TARGET = 7.1;
				SDKROOT = iphoneos;
				VALIDATE_PRODUCT = YES;
			};
			name = Release;
		};
		3A9DCECA18F310880077ECBE /* Debug */ = {
			isa = XCBuildConfiguration;
			buildSettings = {
				ASSETCATALOG_COMPILER_APPICON_NAME = AppIcon;
				ASSETCATALOG_COMPILER_LAUNCHIMAGE_NAME = LaunchImage;
				GCC_PRECOMPILE_PREFIX_HEADER = YES;
				GCC_PREFIX_HEADER = "ClassRoster/ClassRoster-Prefix.pch";
				INFOPLIST_FILE = "ClassRoster/ClassRoster-Info.plist";
				PRODUCT_NAME = "$(TARGET_NAME)";
				WRAPPER_EXTENSION = app;
			};
			name = Debug;
		};
		3A9DCECB18F310880077ECBE /* Release */ = {
			isa = XCBuildConfiguration;
			buildSettings = {
				ASSETCATALOG_COMPILER_APPICON_NAME = AppIcon;
				ASSETCATALOG_COMPILER_LAUNCHIMAGE_NAME = LaunchImage;
				GCC_PRECOMPILE_PREFIX_HEADER = YES;
				GCC_PREFIX_HEADER = "ClassRoster/ClassRoster-Prefix.pch";
				INFOPLIST_FILE = "ClassRoster/ClassRoster-Info.plist";
				PRODUCT_NAME = "$(TARGET_NAME)";
				WRAPPER_EXTENSION = app;
			};
			name = Release;
		};
		3A9DCECD18F310880077ECBE /* Debug */ = {
			isa = XCBuildConfiguration;
			buildSettings = {
				BUNDLE_LOADER = "$(BUILT_PRODUCTS_DIR)/ClassRoster.app/ClassRoster";
				FRAMEWORK_SEARCH_PATHS = (
					"$(SDKROOT)/Developer/Library/Frameworks",
					"$(inherited)",
					"$(DEVELOPER_FRAMEWORKS_DIR)",
				);
				GCC_PRECOMPILE_PREFIX_HEADER = YES;
				GCC_PREFIX_HEADER = "ClassRoster/ClassRoster-Prefix.pch";
				GCC_PREPROCESSOR_DEFINITIONS = (
					"DEBUG=1",
					"$(inherited)",
				);
				INFOPLIST_FILE = "ClassRosterTests/ClassRosterTests-Info.plist";
				PRODUCT_NAME = "$(TARGET_NAME)";
				TEST_HOST = "$(BUNDLE_LOADER)";
				WRAPPER_EXTENSION = xctest;
			};
			name = Debug;
		};
		3A9DCECE18F310880077ECBE /* Release */ = {
			isa = XCBuildConfiguration;
			buildSettings = {
				BUNDLE_LOADER = "$(BUILT_PRODUCTS_DIR)/ClassRoster.app/ClassRoster";
				FRAMEWORK_SEARCH_PATHS = (
					"$(SDKROOT)/Developer/Library/Frameworks",
					"$(inherited)",
					"$(DEVELOPER_FRAMEWORKS_DIR)",
				);
				GCC_PRECOMPILE_PREFIX_HEADER = YES;
				GCC_PREFIX_HEADER = "ClassRoster/ClassRoster-Prefix.pch";
				INFOPLIST_FILE = "ClassRosterTests/ClassRosterTests-Info.plist";
				PRODUCT_NAME = "$(TARGET_NAME)";
				TEST_HOST = "$(BUNDLE_LOADER)";
				WRAPPER_EXTENSION = xctest;
			};
			name = Release;
		};
/* End XCBuildConfiguration section */

/* Begin XCConfigurationList section */
		3A9DCE9218F310880077ECBE /* Build configuration list for PBXProject "ClassRoster" */ = {
			isa = XCConfigurationList;
			buildConfigurations = (
				3A9DCEC718F310880077ECBE /* Debug */,
				3A9DCEC818F310880077ECBE /* Release */,
			);
			defaultConfigurationIsVisible = 0;
			defaultConfigurationName = Release;
		};
		3A9DCEC918F310880077ECBE /* Build configuration list for PBXNativeTarget "ClassRoster" */ = {
			isa = XCConfigurationList;
			buildConfigurations = (
				3A9DCECA18F310880077ECBE /* Debug */,
				3A9DCECB18F310880077ECBE /* Release */,
			);
			defaultConfigurationIsVisible = 0;
			defaultConfigurationName = Release;
		};
		3A9DCECC18F310880077ECBE /* Build configuration list for PBXNativeTarget "ClassRosterTests" */ = {
			isa = XCConfigurationList;
			buildConfigurations = (
				3A9DCECD18F310880077ECBE /* Debug */,
				3A9DCECE18F310880077ECBE /* Release */,
			);
			defaultConfigurationIsVisible = 0;
			defaultConfigurationName = Release;
		};
/* End XCConfigurationList section */
	};
	rootObject = 3A9DCE8F18F310880077ECBE /* Project object */;
}
